PODS:
  - KLUIViewControllerTranstion (0.1.0)

DEPENDENCIES:
  - KLUIViewControllerTranstion (from `../`)

EXTERNAL SOURCES:
  KLUIViewControllerTranstion:
    :path: "../"

SPEC CHECKSUMS:
  KLUIViewControllerTranstion: 0e4c586ccd80d932288db7828e377602c306cd0d

PODFILE CHECKSUM: a0f0ebb1ca1bb63eff38afc7d12338be91ed076b

COCOAPODS: 1.7.0
